// !$*UTF8*$!
{
	archiveVersion = 1;
	classes = {
	};
	objectVersion = 56;
	objects = {

/* Begin PBXBuildFile section */
		15F39BC6E33E8EDB540792A7 /* Pods_DemoPostsListTests.framework in Frameworks */ = {isa = PBXBuildFile; fileRef = 3BF86B03E1D4E48CE84C472C /* Pods_DemoPostsListTests.framework */; };
		2EF08527A6D6046459A2FA95 /* Pods_DemoPostsList.framework in Frameworks */ = {isa = PBXBuildFile; fileRef = 227F37C6DEF798E341E6C9C6 /* Pods_DemoPostsList.framework */; };
		C33FB6182A21775F0025B725 /* FileReaderSpy.swift in Sources */ = {isa = PBXBuildFile; fileRef = C33FB6172A21775F0025B725 /* FileReaderSpy.swift */; };
		C33FB61A2A2177C20025B725 /* LoadPostsFromLocalUseTestCase+Helper.swift in Sources */ = {isa = PBXBuildFile; fileRef = C33FB6192A2177C20025B725 /* LoadPostsFromLocalUseTestCase+Helper.swift */; };
		C33FB61C2A2179500025B725 /* LoadPostsFromLocalJSONFileUseTestCase.swift in Sources */ = {isa = PBXBuildFile; fileRef = C33FB61B2A2179500025B725 /* LoadPostsFromLocalJSONFileUseTestCase.swift */; };
		C33FB61E2A217A320025B725 /* JSONFileReader.swift in Sources */ = {isa = PBXBuildFile; fileRef = C33FB61D2A217A320025B725 /* JSONFileReader.swift */; };
		C33FB6212A218B1F0025B725 /* InvalidJSON.json in Resources */ = {isa = PBXBuildFile; fileRef = C33FB6202A218B1F0025B725 /* InvalidJSON.json */; };
		C33FB6232A218BFF0025B725 /* EmptyPosts.json in Resources */ = {isa = PBXBuildFile; fileRef = C33FB6222A218BFF0025B725 /* EmptyPosts.json */; };
		C33FB6252A218D680025B725 /* PostsList.json in Resources */ = {isa = PBXBuildFile; fileRef = C33FB6242A218D680025B725 /* PostsList.json */; };
		C33FB6282A218F040025B725 /* PostsList.json in Resources */ = {isa = PBXBuildFile; fileRef = C33FB6272A218F040025B725 /* PostsList.json */; };
		C33FB62A2A21919D0025B725 /* PostsListViewModel.swift in Sources */ = {isa = PBXBuildFile; fileRef = C33FB6292A21919D0025B725 /* PostsListViewModel.swift */; };
		C36885112A21ADF300BFF6B0 /* PostCellViewModel.swift in Sources */ = {isa = PBXBuildFile; fileRef = C36885102A21ADF300BFF6B0 /* PostCellViewModel.swift */; };
		C368851D2A21AE6D00BFF6B0 /* PostTableViewCell.swift in Sources */ = {isa = PBXBuildFile; fileRef = C368851B2A21AE6D00BFF6B0 /* PostTableViewCell.swift */; };
		C368851E2A21AE6D00BFF6B0 /* PostTableViewCell.xib in Resources */ = {isa = PBXBuildFile; fileRef = C368851C2A21AE6D00BFF6B0 /* PostTableViewCell.xib */; };
		C36885202A21B14500BFF6B0 /* UITableViewCell+Extension.swift in Sources */ = {isa = PBXBuildFile; fileRef = C368851F2A21B14500BFF6B0 /* UITableViewCell+Extension.swift */; };
		C36885272A21CE1400BFF6B0 /* PostsListViewController+AddButton+Actions.swift in Sources */ = {isa = PBXBuildFile; fileRef = C36885262A21CE1400BFF6B0 /* PostsListViewController+AddButton+Actions.swift */; };
		C36E70582A2137C900F6188C /* AppDelegate.swift in Sources */ = {isa = PBXBuildFile; fileRef = C36E70572A2137C900F6188C /* AppDelegate.swift */; };
		C36E705A2A2137C900F6188C /* SceneDelegate.swift in Sources */ = {isa = PBXBuildFile; fileRef = C36E70592A2137C900F6188C /* SceneDelegate.swift */; };
		C36E70612A2137CB00F6188C /* Assets.xcassets in Resources */ = {isa = PBXBuildFile; fileRef = C36E70602A2137CB00F6188C /* Assets.xcassets */; };
		C36E70642A2137CB00F6188C /* LaunchScreen.storyboard in Resources */ = {isa = PBXBuildFile; fileRef = C36E70622A2137CB00F6188C /* LaunchScreen.storyboard */; };
		C36E70712A213A6600F6188C /* UIViewController+Extension.swift in Sources */ = {isa = PBXBuildFile; fileRef = C36E70702A213A6500F6188C /* UIViewController+Extension.swift */; };
		C36E70732A213A9400F6188C /* Home.storyboard in Resources */ = {isa = PBXBuildFile; fileRef = C36E70722A213A9400F6188C /* Home.storyboard */; };
		C36E70752A213AB000F6188C /* PostsListViewController.swift in Sources */ = {isa = PBXBuildFile; fileRef = C36E70742A213AB000F6188C /* PostsListViewController.swift */; };
		C36E70772A213B5800F6188C /* Constants.swift in Sources */ = {isa = PBXBuildFile; fileRef = C36E70762A213B5800F6188C /* Constants.swift */; };
		C36E70872A213F6B00F6188C /* LoadPostsFromLocalUseTestCase.swift in Sources */ = {isa = PBXBuildFile; fileRef = C36E70862A213F6B00F6188C /* LoadPostsFromLocalUseTestCase.swift */; };
		C36E708A2A213FEF00F6188C /* FileReader.swift in Sources */ = {isa = PBXBuildFile; fileRef = C36E70892A213FEF00F6188C /* FileReader.swift */; };
		C36E708C2A2140D800F6188C /* FeedLoader.swift in Sources */ = {isa = PBXBuildFile; fileRef = C36E708B2A2140D800F6188C /* FeedLoader.swift */; };
		C36E708E2A21410900F6188C /* PostModel.swift in Sources */ = {isa = PBXBuildFile; fileRef = C36E708D2A21410900F6188C /* PostModel.swift */; };
		C36E70902A21414900F6188C /* LocalFeedLoader.swift in Sources */ = {isa = PBXBuildFile; fileRef = C36E708F2A21414900F6188C /* LocalFeedLoader.swift */; };
		C36E70952A21459400F6188C /* LocalFeedLoader+Error+Extension.swift in Sources */ = {isa = PBXBuildFile; fileRef = C36E70942A21459400F6188C /* LocalFeedLoader+Error+Extension.swift */; };
		C36E70982A21487A00F6188C /* FeedMapper.swift in Sources */ = {isa = PBXBuildFile; fileRef = C36E70972A21487A00F6188C /* FeedMapper.swift */; };
		C3C0218E2A5FB0A600DD2E2E /* PostListSnapshotTests.swift in Sources */ = {isa = PBXBuildFile; fileRef = C3C0218D2A5FB0A600DD2E2E /* PostListSnapshotTests.swift */; };
		C3C021912A5FB18600DD2E2E /* UIViewConrtoller+Snapshot.swift in Sources */ = {isa = PBXBuildFile; fileRef = C3C021902A5FB18600DD2E2E /* UIViewConrtoller+Snapshot.swift */; };
		C3C021942A5FB4DD00DD2E2E /* POST_LIST_light.png in Resources */ = {isa = PBXBuildFile; fileRef = C3C021932A5FB4DD00DD2E2E /* POST_LIST_light.png */; };
		C3C021962A5FB51E00DD2E2E /* POST_LIST_dark.png in Resources */ = {isa = PBXBuildFile; fileRef = C3C021952A5FB51E00DD2E2E /* POST_LIST_dark.png */; };
		C3C021982A5FB78B00DD2E2E /* POST_LIST_light_extraExtraExtraLarge.png in Resources */ = {isa = PBXBuildFile; fileRef = C3C021972A5FB78B00DD2E2E /* POST_LIST_light_extraExtraExtraLarge.png */; };
/* End PBXBuildFile section */

/* Begin PBXContainerItemProxy section */
		C36E70812A213EF600F6188C /* PBXContainerItemProxy */ = {
			isa = PBXContainerItemProxy;
			containerPortal = C36E704C2A2137C900F6188C /* Project object */;
			proxyType = 1;
			remoteGlobalIDString = C36E70532A2137C900F6188C;
			remoteInfo = "Demo_Posts List";
		};
/* End PBXContainerItemProxy section */

/* Begin PBXFileReference section */
		227F37C6DEF798E341E6C9C6 /* Pods_DemoPostsList.framework */ = {isa = PBXFileReference; explicitFileType = wrapper.framework; includeInIndex = 0; path = Pods_DemoPostsList.framework; sourceTree = BUILT_PRODUCTS_DIR; };
		306F4243B22F6B0F12681176 /* Pods-DemoPostsListTests.release.xcconfig */ = {isa = PBXFileReference; includeInIndex = 1; lastKnownFileType = text.xcconfig; name = "Pods-DemoPostsListTests.release.xcconfig"; path = "Target Support Files/Pods-DemoPostsListTests/Pods-DemoPostsListTests.release.xcconfig"; sourceTree = "<group>"; };
		3AD0758C0D577ADD37362250 /* Pods-DemoPostsList.debug.xcconfig */ = {isa = PBXFileReference; includeInIndex = 1; lastKnownFileType = text.xcconfig; name = "Pods-DemoPostsList.debug.xcconfig"; path = "Target Support Files/Pods-DemoPostsList/Pods-DemoPostsList.debug.xcconfig"; sourceTree = "<group>"; };
		3BF86B03E1D4E48CE84C472C /* Pods_DemoPostsListTests.framework */ = {isa = PBXFileReference; explicitFileType = wrapper.framework; includeInIndex = 0; path = Pods_DemoPostsListTests.framework; sourceTree = BUILT_PRODUCTS_DIR; };
		68601955C091FAEDC18AC016 /* Pods-Demo_Posts ListTests.release.xcconfig */ = {isa = PBXFileReference; includeInIndex = 1; lastKnownFileType = text.xcconfig; name = "Pods-Demo_Posts ListTests.release.xcconfig"; path = "Target Support Files/Pods-Demo_Posts ListTests/Pods-Demo_Posts ListTests.release.xcconfig"; sourceTree = "<group>"; };
		8BA6FE8741B3DC801CF11127 /* Pods-DemoPostsList.release.xcconfig */ = {isa = PBXFileReference; includeInIndex = 1; lastKnownFileType = text.xcconfig; name = "Pods-DemoPostsList.release.xcconfig"; path = "Target Support Files/Pods-DemoPostsList/Pods-DemoPostsList.release.xcconfig"; sourceTree = "<group>"; };
		95A59E6D83976EDECAEA1DBD /* Pods-Demo_Posts List.debug.xcconfig */ = {isa = PBXFileReference; includeInIndex = 1; lastKnownFileType = text.xcconfig; name = "Pods-Demo_Posts List.debug.xcconfig"; path = "Target Support Files/Pods-Demo_Posts List/Pods-Demo_Posts List.debug.xcconfig"; sourceTree = "<group>"; };
		B8993482D093DE691FEA7EA3 /* Pods-DemoPostsListTests.debug.xcconfig */ = {isa = PBXFileReference; includeInIndex = 1; lastKnownFileType = text.xcconfig; name = "Pods-DemoPostsListTests.debug.xcconfig"; path = "Target Support Files/Pods-DemoPostsListTests/Pods-DemoPostsListTests.debug.xcconfig"; sourceTree = "<group>"; };
		C33FB6172A21775F0025B725 /* FileReaderSpy.swift */ = {isa = PBXFileReference; lastKnownFileType = sourcecode.swift; path = FileReaderSpy.swift; sourceTree = "<group>"; };
		C33FB6192A2177C20025B725 /* LoadPostsFromLocalUseTestCase+Helper.swift */ = {isa = PBXFileReference; lastKnownFileType = sourcecode.swift; path = "LoadPostsFromLocalUseTestCase+Helper.swift"; sourceTree = "<group>"; };
		C33FB61B2A2179500025B725 /* LoadPostsFromLocalJSONFileUseTestCase.swift */ = {isa = PBXFileReference; lastKnownFileType = sourcecode.swift; path = LoadPostsFromLocalJSONFileUseTestCase.swift; sourceTree = "<group>"; };
		C33FB61D2A217A320025B725 /* JSONFileReader.swift */ = {isa = PBXFileReference; lastKnownFileType = sourcecode.swift; path = JSONFileReader.swift; sourceTree = "<group>"; };
		C33FB6202A218B1F0025B725 /* InvalidJSON.json */ = {isa = PBXFileReference; lastKnownFileType = text.json; path = InvalidJSON.json; sourceTree = "<group>"; };
		C33FB6222A218BFF0025B725 /* EmptyPosts.json */ = {isa = PBXFileReference; lastKnownFileType = text.json; path = EmptyPosts.json; sourceTree = "<group>"; };
		C33FB6242A218D680025B725 /* PostsList.json */ = {isa = PBXFileReference; lastKnownFileType = text.json; path = PostsList.json; sourceTree = "<group>"; };
		C33FB6272A218F040025B725 /* PostsList.json */ = {isa = PBXFileReference; lastKnownFileType = text.json; path = PostsList.json; sourceTree = "<group>"; };
		C33FB6292A21919D0025B725 /* PostsListViewModel.swift */ = {isa = PBXFileReference; lastKnownFileType = sourcecode.swift; path = PostsListViewModel.swift; sourceTree = "<group>"; };
		C36885102A21ADF300BFF6B0 /* PostCellViewModel.swift */ = {isa = PBXFileReference; fileEncoding = 4; lastKnownFileType = sourcecode.swift; path = PostCellViewModel.swift; sourceTree = "<group>"; };
		C368851B2A21AE6D00BFF6B0 /* PostTableViewCell.swift */ = {isa = PBXFileReference; fileEncoding = 4; lastKnownFileType = sourcecode.swift; path = PostTableViewCell.swift; sourceTree = "<group>"; };
		C368851C2A21AE6D00BFF6B0 /* PostTableViewCell.xib */ = {isa = PBXFileReference; fileEncoding = 4; lastKnownFileType = file.xib; path = PostTableViewCell.xib; sourceTree = "<group>"; };
		C368851F2A21B14500BFF6B0 /* UITableViewCell+Extension.swift */ = {isa = PBXFileReference; lastKnownFileType = sourcecode.swift; path = "UITableViewCell+Extension.swift"; sourceTree = "<group>"; };
		C36885262A21CE1400BFF6B0 /* PostsListViewController+AddButton+Actions.swift */ = {isa = PBXFileReference; lastKnownFileType = sourcecode.swift; path = "PostsListViewController+AddButton+Actions.swift"; sourceTree = "<group>"; };
		C36E70542A2137C900F6188C /* DemoPostsList.app */ = {isa = PBXFileReference; explicitFileType = wrapper.application; includeInIndex = 0; path = DemoPostsList.app; sourceTree = BUILT_PRODUCTS_DIR; };
		C36E70572A2137C900F6188C /* AppDelegate.swift */ = {isa = PBXFileReference; lastKnownFileType = sourcecode.swift; path = AppDelegate.swift; sourceTree = "<group>"; };
		C36E70592A2137C900F6188C /* SceneDelegate.swift */ = {isa = PBXFileReference; lastKnownFileType = sourcecode.swift; path = SceneDelegate.swift; sourceTree = "<group>"; };
		C36E70602A2137CB00F6188C /* Assets.xcassets */ = {isa = PBXFileReference; lastKnownFileType = folder.assetcatalog; path = Assets.xcassets; sourceTree = "<group>"; };
		C36E70632A2137CB00F6188C /* Base */ = {isa = PBXFileReference; lastKnownFileType = file.storyboard; name = Base; path = Base.lproj/LaunchScreen.storyboard; sourceTree = "<group>"; };
		C36E70652A2137CB00F6188C /* Info.plist */ = {isa = PBXFileReference; lastKnownFileType = text.plist.xml; path = Info.plist; sourceTree = "<group>"; };
		C36E70702A213A6500F6188C /* UIViewController+Extension.swift */ = {isa = PBXFileReference; lastKnownFileType = sourcecode.swift; path = "UIViewController+Extension.swift"; sourceTree = "<group>"; };
		C36E70722A213A9400F6188C /* Home.storyboard */ = {isa = PBXFileReference; lastKnownFileType = file.storyboard; path = Home.storyboard; sourceTree = "<group>"; };
		C36E70742A213AB000F6188C /* PostsListViewController.swift */ = {isa = PBXFileReference; lastKnownFileType = sourcecode.swift; path = PostsListViewController.swift; sourceTree = "<group>"; };
		C36E70762A213B5800F6188C /* Constants.swift */ = {isa = PBXFileReference; lastKnownFileType = sourcecode.swift; path = Constants.swift; sourceTree = "<group>"; };
		C36E707D2A213EF500F6188C /* DemoPostsListTests.xctest */ = {isa = PBXFileReference; explicitFileType = wrapper.cfbundle; includeInIndex = 0; path = DemoPostsListTests.xctest; sourceTree = BUILT_PRODUCTS_DIR; };
		C36E70862A213F6B00F6188C /* LoadPostsFromLocalUseTestCase.swift */ = {isa = PBXFileReference; lastKnownFileType = sourcecode.swift; path = LoadPostsFromLocalUseTestCase.swift; sourceTree = "<group>"; };
		C36E70892A213FEF00F6188C /* FileReader.swift */ = {isa = PBXFileReference; lastKnownFileType = sourcecode.swift; path = FileReader.swift; sourceTree = "<group>"; };
		C36E708B2A2140D800F6188C /* FeedLoader.swift */ = {isa = PBXFileReference; lastKnownFileType = sourcecode.swift; path = FeedLoader.swift; sourceTree = "<group>"; };
		C36E708D2A21410900F6188C /* PostModel.swift */ = {isa = PBXFileReference; lastKnownFileType = sourcecode.swift; path = PostModel.swift; sourceTree = "<group>"; };
		C36E708F2A21414900F6188C /* LocalFeedLoader.swift */ = {isa = PBXFileReference; lastKnownFileType = sourcecode.swift; path = LocalFeedLoader.swift; sourceTree = "<group>"; };
		C36E70942A21459400F6188C /* LocalFeedLoader+Error+Extension.swift */ = {isa = PBXFileReference; lastKnownFileType = sourcecode.swift; path = "LocalFeedLoader+Error+Extension.swift"; sourceTree = "<group>"; };
		C36E70972A21487A00F6188C /* FeedMapper.swift */ = {isa = PBXFileReference; lastKnownFileType = sourcecode.swift; path = FeedMapper.swift; sourceTree = "<group>"; };
		C36F277D2A5F868A00C2860C /* DemoPostsList.xctestplan */ = {isa = PBXFileReference; lastKnownFileType = text; path = DemoPostsList.xctestplan; sourceTree = "<group>"; };
		C36F277E2A5F8F9B00C2860C /* CI_iOS.xctestplan */ = {isa = PBXFileReference; lastKnownFileType = text; path = CI_iOS.xctestplan; sourceTree = "<group>"; };
		C3C0218D2A5FB0A600DD2E2E /* PostListSnapshotTests.swift */ = {isa = PBXFileReference; lastKnownFileType = sourcecode.swift; path = PostListSnapshotTests.swift; sourceTree = "<group>"; };
		C3C021902A5FB18600DD2E2E /* UIViewConrtoller+Snapshot.swift */ = {isa = PBXFileReference; lastKnownFileType = sourcecode.swift; path = "UIViewConrtoller+Snapshot.swift"; sourceTree = "<group>"; };
		C3C021932A5FB4DD00DD2E2E /* POST_LIST_light.png */ = {isa = PBXFileReference; lastKnownFileType = image.png; path = POST_LIST_light.png; sourceTree = "<group>"; };
		C3C021952A5FB51E00DD2E2E /* POST_LIST_dark.png */ = {isa = PBXFileReference; lastKnownFileType = image.png; path = POST_LIST_dark.png; sourceTree = "<group>"; };
		C3C021972A5FB78B00DD2E2E /* POST_LIST_light_extraExtraExtraLarge.png */ = {isa = PBXFileReference; lastKnownFileType = image.png; path = POST_LIST_light_extraExtraExtraLarge.png; sourceTree = "<group>"; };
		D5F02DD9A83D210A4AB3525A /* Pods-Demo_Posts ListTests.debug.xcconfig */ = {isa = PBXFileReference; includeInIndex = 1; lastKnownFileType = text.xcconfig; name = "Pods-Demo_Posts ListTests.debug.xcconfig"; path = "Target Support Files/Pods-Demo_Posts ListTests/Pods-Demo_Posts ListTests.debug.xcconfig"; sourceTree = "<group>"; };
		E946C736F89422BF167438D8 /* Pods-Demo_Posts List.release.xcconfig */ = {isa = PBXFileReference; includeInIndex = 1; lastKnownFileType = text.xcconfig; name = "Pods-Demo_Posts List.release.xcconfig"; path = "Target Support Files/Pods-Demo_Posts List/Pods-Demo_Posts List.release.xcconfig"; sourceTree = "<group>"; };
/* End PBXFileReference section */

/* Begin PBXFrameworksBuildPhase section */
		C36E70512A2137C900F6188C /* Frameworks */ = {
			isa = PBXFrameworksBuildPhase;
			buildActionMask = 2147483647;
			files = (
				2EF08527A6D6046459A2FA95 /* Pods_DemoPostsList.framework in Frameworks */,
			);
			runOnlyForDeploymentPostprocessing = 0;
		};
		C36E707A2A213EF500F6188C /* Frameworks */ = {
			isa = PBXFrameworksBuildPhase;
			buildActionMask = 2147483647;
			files = (
				15F39BC6E33E8EDB540792A7 /* Pods_DemoPostsListTests.framework in Frameworks */,
			);
			runOnlyForDeploymentPostprocessing = 0;
		};
/* End PBXFrameworksBuildPhase section */

/* Begin PBXGroup section */
		1DC7FB5E05B577C0AC7A14E1 /* Pods */ = {
			isa = PBXGroup;
			children = (
				95A59E6D83976EDECAEA1DBD /* Pods-Demo_Posts List.debug.xcconfig */,
				E946C736F89422BF167438D8 /* Pods-Demo_Posts List.release.xcconfig */,
				D5F02DD9A83D210A4AB3525A /* Pods-Demo_Posts ListTests.debug.xcconfig */,
				68601955C091FAEDC18AC016 /* Pods-Demo_Posts ListTests.release.xcconfig */,
				3AD0758C0D577ADD37362250 /* Pods-DemoPostsList.debug.xcconfig */,
				8BA6FE8741B3DC801CF11127 /* Pods-DemoPostsList.release.xcconfig */,
				B8993482D093DE691FEA7EA3 /* Pods-DemoPostsListTests.debug.xcconfig */,
				306F4243B22F6B0F12681176 /* Pods-DemoPostsListTests.release.xcconfig */,
			);
			path = Pods;
			sourceTree = "<group>";
		};
		A234EBC6FE8B4A12A9AD85AD /* Frameworks */ = {
			isa = PBXGroup;
			children = (
				227F37C6DEF798E341E6C9C6 /* Pods_DemoPostsList.framework */,
				3BF86B03E1D4E48CE84C472C /* Pods_DemoPostsListTests.framework */,
			);
			name = Frameworks;
			sourceTree = "<group>";
		};
		C33FB6162A2177520025B725 /* Helpers */ = {
			isa = PBXGroup;
			children = (
				C33FB6172A21775F0025B725 /* FileReaderSpy.swift */,
				C33FB6192A2177C20025B725 /* LoadPostsFromLocalUseTestCase+Helper.swift */,
			);
			path = Helpers;
			sourceTree = "<group>";
		};
		C33FB61F2A218B020025B725 /* JSONFileTest */ = {
			isa = PBXGroup;
			children = (
				C33FB6202A218B1F0025B725 /* InvalidJSON.json */,
				C33FB6222A218BFF0025B725 /* EmptyPosts.json */,
				C33FB6242A218D680025B725 /* PostsList.json */,
			);
			path = JSONFileTest;
			sourceTree = "<group>";
		};
		C33FB6262A218EF30025B725 /* JSONFiles */ = {
			isa = PBXGroup;
			children = (
				C33FB6272A218F040025B725 /* PostsList.json */,
			);
			path = JSONFiles;
			sourceTree = "<group>";
		};
		C36885282A21CF8F00BFF6B0 /* Modules */ = {
			isa = PBXGroup;
			children = (
				C368852A2A21CFC300BFF6B0 /* PostCell */,
				C36885292A21CFB300BFF6B0 /* PostsList */,
			);
			path = Modules;
			sourceTree = "<group>";
		};
		C36885292A21CFB300BFF6B0 /* PostsList */ = {
			isa = PBXGroup;
			children = (
				C36E706C2A2139D800F6188C /* ViewModels */,
				C36E706B2A2139D500F6188C /* Views */,
				C36E706D2A2139DD00F6188C /* Models */,
			);
			path = PostsList;
			sourceTree = "<group>";
		};
		C368852A2A21CFC300BFF6B0 /* PostCell */ = {
			isa = PBXGroup;
			children = (
				C368852C2A21CFEA00BFF6B0 /* ViewModels */,
				C368852B2A21CFD000BFF6B0 /* Views */,
			);
			path = PostCell;
			sourceTree = "<group>";
		};
		C368852B2A21CFD000BFF6B0 /* Views */ = {
			isa = PBXGroup;
			children = (
				C368851B2A21AE6D00BFF6B0 /* PostTableViewCell.swift */,
				C368851C2A21AE6D00BFF6B0 /* PostTableViewCell.xib */,
			);
			path = Views;
			sourceTree = "<group>";
		};
		C368852C2A21CFEA00BFF6B0 /* ViewModels */ = {
			isa = PBXGroup;
			children = (
				C36885102A21ADF300BFF6B0 /* PostCellViewModel.swift */,
			);
			path = ViewModels;
			sourceTree = "<group>";
		};
		C36E704B2A2137C900F6188C = {
			isa = PBXGroup;
			children = (
				C36F277E2A5F8F9B00C2860C /* CI_iOS.xctestplan */,
				C36F277D2A5F868A00C2860C /* DemoPostsList.xctestplan */,
				C36E70562A2137C900F6188C /* DemoPostsList */,
				C36E707E2A213EF600F6188C /* DemoPostsListTests */,
				C36E70552A2137C900F6188C /* Products */,
				1DC7FB5E05B577C0AC7A14E1 /* Pods */,
				A234EBC6FE8B4A12A9AD85AD /* Frameworks */,
			);
			sourceTree = "<group>";
		};
		C36E70552A2137C900F6188C /* Products */ = {
			isa = PBXGroup;
			children = (
				C36E70542A2137C900F6188C /* DemoPostsList.app */,
				C36E707D2A213EF500F6188C /* DemoPostsListTests.xctest */,
			);
			name = Products;
			sourceTree = "<group>";
		};
		C36E70562A2137C900F6188C /* DemoPostsList */ = {
			isa = PBXGroup;
			children = (
				C36885282A21CF8F00BFF6B0 /* Modules */,
				C36E70962A21486E00F6188C /* FeedFeature */,
				C36E70912A2144A300F6188C /* Utils */,
				C36E706F2A213A5500F6188C /* Extensions */,
				C36E70572A2137C900F6188C /* AppDelegate.swift */,
				C36E70592A2137C900F6188C /* SceneDelegate.swift */,
				C36E70602A2137CB00F6188C /* Assets.xcassets */,
				C36E70622A2137CB00F6188C /* LaunchScreen.storyboard */,
				C36E70652A2137CB00F6188C /* Info.plist */,
			);
			path = DemoPostsList;
			sourceTree = "<group>";
		};
		C36E706B2A2139D500F6188C /* Views */ = {
			isa = PBXGroup;
			children = (
				C36E70722A213A9400F6188C /* Home.storyboard */,
				C36E70742A213AB000F6188C /* PostsListViewController.swift */,
				C36885262A21CE1400BFF6B0 /* PostsListViewController+AddButton+Actions.swift */,
			);
			path = Views;
			sourceTree = "<group>";
		};
		C36E706C2A2139D800F6188C /* ViewModels */ = {
			isa = PBXGroup;
			children = (
				C33FB6292A21919D0025B725 /* PostsListViewModel.swift */,
			);
			path = ViewModels;
			sourceTree = "<group>";
		};
		C36E706D2A2139DD00F6188C /* Models */ = {
			isa = PBXGroup;
			children = (
				C36E708D2A21410900F6188C /* PostModel.swift */,
			);
			path = Models;
			sourceTree = "<group>";
		};
		C36E706F2A213A5500F6188C /* Extensions */ = {
			isa = PBXGroup;
			children = (
				C36E70702A213A6500F6188C /* UIViewController+Extension.swift */,
				C36E70942A21459400F6188C /* LocalFeedLoader+Error+Extension.swift */,
				C368851F2A21B14500BFF6B0 /* UITableViewCell+Extension.swift */,
			);
			path = Extensions;
			sourceTree = "<group>";
		};
		C36E707E2A213EF600F6188C /* DemoPostsListTests */ = {
			isa = PBXGroup;
			children = (
				C3C0218C2A5FB08400DD2E2E /* UI Tests */,
				C33FB61F2A218B020025B725 /* JSONFileTest */,
				C33FB6162A2177520025B725 /* Helpers */,
				C36E70862A213F6B00F6188C /* LoadPostsFromLocalUseTestCase.swift */,
				C33FB61B2A2179500025B725 /* LoadPostsFromLocalJSONFileUseTestCase.swift */,
			);
			path = DemoPostsListTests;
			sourceTree = "<group>";
		};
		C36E70882A213FDC00F6188C /* FeedLoader */ = {
			isa = PBXGroup;
			children = (
				C36E70972A21487A00F6188C /* FeedMapper.swift */,
				C36E70892A213FEF00F6188C /* FileReader.swift */,
				C36E708B2A2140D800F6188C /* FeedLoader.swift */,
				C36E708F2A21414900F6188C /* LocalFeedLoader.swift */,
				C33FB61D2A217A320025B725 /* JSONFileReader.swift */,
			);
			path = FeedLoader;
			sourceTree = "<group>";
		};
		C36E70912A2144A300F6188C /* Utils */ = {
			isa = PBXGroup;
			children = (
				C36E70762A213B5800F6188C /* Constants.swift */,
				C33FB6262A218EF30025B725 /* JSONFiles */,
			);
			path = Utils;
			sourceTree = "<group>";
		};
		C36E70962A21486E00F6188C /* FeedFeature */ = {
			isa = PBXGroup;
			children = (
				C36E70882A213FDC00F6188C /* FeedLoader */,
			);
			path = FeedFeature;
			sourceTree = "<group>";
		};
		C3C0218C2A5FB08400DD2E2E /* UI Tests */ = {
			isa = PBXGroup;
			children = (
				C3C021922A5FB4DD00DD2E2E /* snapshots */,
				C3C0218F2A5FB17100DD2E2E /* Helpers */,
				C3C0218D2A5FB0A600DD2E2E /* PostListSnapshotTests.swift */,
			);
			path = "UI Tests";
			sourceTree = "<group>";
		};
		C3C0218F2A5FB17100DD2E2E /* Helpers */ = {
			isa = PBXGroup;
			children = (
				C3C021902A5FB18600DD2E2E /* UIViewConrtoller+Snapshot.swift */,
			);
			path = Helpers;
			sourceTree = "<group>";
		};
		C3C021922A5FB4DD00DD2E2E /* snapshots */ = {
			isa = PBXGroup;
			children = (
				C3C021972A5FB78B00DD2E2E /* POST_LIST_light_extraExtraExtraLarge.png */,
				C3C021952A5FB51E00DD2E2E /* POST_LIST_dark.png */,
				C3C021932A5FB4DD00DD2E2E /* POST_LIST_light.png */,
			);
			path = snapshots;
			sourceTree = "<group>";
		};
/* End PBXGroup section */

/* Begin PBXNativeTarget section */
		C36E70532A2137C900F6188C /* DemoPostsList */ = {
			isa = PBXNativeTarget;
			buildConfigurationList = C36E70682A2137CB00F6188C /* Build configuration list for PBXNativeTarget "DemoPostsList" */;
			buildPhases = (
				D018F2D1BC71DA42ECF609E3 /* [CP] Check Pods Manifest.lock */,
				C36E70502A2137C900F6188C /* Sources */,
				C36E70512A2137C900F6188C /* Frameworks */,
				C36E70522A2137C900F6188C /* Resources */,
				9CAC9607E53B8EF3747BA0F2 /* [CP] Embed Pods Frameworks */,
			);
			buildRules = (
			);
			dependencies = (
			);
			name = DemoPostsList;
			productName = "Demo_Posts List";
			productReference = C36E70542A2137C900F6188C /* DemoPostsList.app */;
			productType = "com.apple.product-type.application";
		};
		C36E707C2A213EF500F6188C /* DemoPostsListTests */ = {
			isa = PBXNativeTarget;
			buildConfigurationList = C36E70832A213EF600F6188C /* Build configuration list for PBXNativeTarget "DemoPostsListTests" */;
			buildPhases = (
				FDFADF89D44A79A62C788D8E /* [CP] Check Pods Manifest.lock */,
				C36E70792A213EF500F6188C /* Sources */,
				C36E707A2A213EF500F6188C /* Frameworks */,
				C36E707B2A213EF500F6188C /* Resources */,
			);
			buildRules = (
			);
			dependencies = (
				C36E70822A213EF600F6188C /* PBXTargetDependency */,
			);
			name = DemoPostsListTests;
			productName = "Demo_Posts ListTests";
			productReference = C36E707D2A213EF500F6188C /* DemoPostsListTests.xctest */;
			productType = "com.apple.product-type.bundle.unit-test";
		};
/* End PBXNativeTarget section */

/* Begin PBXProject section */
		C36E704C2A2137C900F6188C /* Project object */ = {
			isa = PBXProject;
			attributes = {
				BuildIndependentTargetsInParallel = 1;
				LastSwiftUpdateCheck = 1430;
				LastUpgradeCheck = 1430;
				TargetAttributes = {
					C36E70532A2137C900F6188C = {
						CreatedOnToolsVersion = 14.3;
					};
					C36E707C2A213EF500F6188C = {
						CreatedOnToolsVersion = 14.3;
						TestTargetID = C36E70532A2137C900F6188C;
					};
				};
			};
			buildConfigurationList = C36E704F2A2137C900F6188C /* Build configuration list for PBXProject "DemoPostsList" */;
			compatibilityVersion = "Xcode 14.0";
			developmentRegion = en;
			hasScannedForEncodings = 0;
			knownRegions = (
				en,
				Base,
			);
			mainGroup = C36E704B2A2137C900F6188C;
			productRefGroup = C36E70552A2137C900F6188C /* Products */;
			projectDirPath = "";
			projectRoot = "";
			targets = (
				C36E70532A2137C900F6188C /* DemoPostsList */,
				C36E707C2A213EF500F6188C /* DemoPostsListTests */,
			);
		};
/* End PBXProject section */

/* Begin PBXResourcesBuildPhase section */
		C36E70522A2137C900F6188C /* Resources */ = {
			isa = PBXResourcesBuildPhase;
			buildActionMask = 2147483647;
			files = (
				C36E70732A213A9400F6188C /* Home.storyboard in Resources */,
				C368851E2A21AE6D00BFF6B0 /* PostTableViewCell.xib in Resources */,
				C36E70642A2137CB00F6188C /* LaunchScreen.storyboard in Resources */,
				C33FB6282A218F040025B725 /* PostsList.json in Resources */,
				C36E70612A2137CB00F6188C /* Assets.xcassets in Resources */,
			);
			runOnlyForDeploymentPostprocessing = 0;
		};
		C36E707B2A213EF500F6188C /* Resources */ = {
			isa = PBXResourcesBuildPhase;
			buildActionMask = 2147483647;
			files = (
				C3C021962A5FB51E00DD2E2E /* POST_LIST_dark.png in Resources */,
				C3C021982A5FB78B00DD2E2E /* POST_LIST_light_extraExtraExtraLarge.png in Resources */,
				C33FB6252A218D680025B725 /* PostsList.json in Resources */,
				C33FB6232A218BFF0025B725 /* EmptyPosts.json in Resources */,
				C3C021942A5FB4DD00DD2E2E /* POST_LIST_light.png in Resources */,
				C33FB6212A218B1F0025B725 /* InvalidJSON.json in Resources */,
			);
			runOnlyForDeploymentPostprocessing = 0;
		};
/* End PBXResourcesBuildPhase section */

/* Begin PBXShellScriptBuildPhase section */
		9CAC9607E53B8EF3747BA0F2 /* [CP] Embed Pods Frameworks */ = {
			isa = PBXShellScriptBuildPhase;
			buildActionMask = 2147483647;
			files = (
			);
			inputFileListPaths = (
				"${PODS_ROOT}/Target Support Files/Pods-DemoPostsList/Pods-DemoPostsList-frameworks-${CONFIGURATION}-input-files.xcfilelist",
			);
			name = "[CP] Embed Pods Frameworks";
			outputFileListPaths = (
				"${PODS_ROOT}/Target Support Files/Pods-DemoPostsList/Pods-DemoPostsList-frameworks-${CONFIGURATION}-output-files.xcfilelist",
			);
			runOnlyForDeploymentPostprocessing = 0;
			shellPath = /bin/sh;
			shellScript = "\"${PODS_ROOT}/Target Support Files/Pods-DemoPostsList/Pods-DemoPostsList-frameworks.sh\"\n";
			showEnvVarsInLog = 0;
		};
		D018F2D1BC71DA42ECF609E3 /* [CP] Check Pods Manifest.lock */ = {
			isa = PBXShellScriptBuildPhase;
			buildActionMask = 2147483647;
			files = (
			);
			inputFileListPaths = (
			);
			inputPaths = (
				"${PODS_PODFILE_DIR_PATH}/Podfile.lock",
				"${PODS_ROOT}/Manifest.lock",
			);
			name = "[CP] Check Pods Manifest.lock";
			outputFileListPaths = (
			);
			outputPaths = (
				"$(DERIVED_FILE_DIR)/Pods-DemoPostsList-checkManifestLockResult.txt",
			);
			runOnlyForDeploymentPostprocessing = 0;
			shellPath = /bin/sh;
			shellScript = "diff \"${PODS_PODFILE_DIR_PATH}/Podfile.lock\" \"${PODS_ROOT}/Manifest.lock\" > /dev/null\nif [ $? != 0 ] ; then\n    # print error to STDERR\n    echo \"error: The sandbox is not in sync with the Podfile.lock. Run 'pod install' or update your CocoaPods installation.\" >&2\n    exit 1\nfi\n# This output is used by Xcode 'outputs' to avoid re-running this script phase.\necho \"SUCCESS\" > \"${SCRIPT_OUTPUT_FILE_0}\"\n";
			showEnvVarsInLog = 0;
		};
		FDFADF89D44A79A62C788D8E /* [CP] Check Pods Manifest.lock */ = {
			isa = PBXShellScriptBuildPhase;
			buildActionMask = 2147483647;
			files = (
			);
			inputFileListPaths = (
			);
			inputPaths = (
				"${PODS_PODFILE_DIR_PATH}/Podfile.lock",
				"${PODS_ROOT}/Manifest.lock",
			);
			name = "[CP] Check Pods Manifest.lock";
			outputFileListPaths = (
			);
			outputPaths = (
				"$(DERIVED_FILE_DIR)/Pods-DemoPostsListTests-checkManifestLockResult.txt",
			);
			runOnlyForDeploymentPostprocessing = 0;
			shellPath = /bin/sh;
			shellScript = "diff \"${PODS_PODFILE_DIR_PATH}/Podfile.lock\" \"${PODS_ROOT}/Manifest.lock\" > /dev/null\nif [ $? != 0 ] ; then\n    # print error to STDERR\n    echo \"error: The sandbox is not in sync with the Podfile.lock. Run 'pod install' or update your CocoaPods installation.\" >&2\n    exit 1\nfi\n# This output is used by Xcode 'outputs' to avoid re-running this script phase.\necho \"SUCCESS\" > \"${SCRIPT_OUTPUT_FILE_0}\"\n";
			showEnvVarsInLog = 0;
		};
/* End PBXShellScriptBuildPhase section */

/* Begin PBXSourcesBuildPhase section */
		C36E70502A2137C900F6188C /* Sources */ = {
			isa = PBXSourcesBuildPhase;
			buildActionMask = 2147483647;
			files = (
				C36E708C2A2140D800F6188C /* FeedLoader.swift in Sources */,
				C36E70952A21459400F6188C /* LocalFeedLoader+Error+Extension.swift in Sources */,
				C368851D2A21AE6D00BFF6B0 /* PostTableViewCell.swift in Sources */,
				C36E708E2A21410900F6188C /* PostModel.swift in Sources */,
				C36E708A2A213FEF00F6188C /* FileReader.swift in Sources */,
				C36E70902A21414900F6188C /* LocalFeedLoader.swift in Sources */,
				C36E70752A213AB000F6188C /* PostsListViewController.swift in Sources */,
				C36E70982A21487A00F6188C /* FeedMapper.swift in Sources */,
				C36E70712A213A6600F6188C /* UIViewController+Extension.swift in Sources */,
				C33FB61E2A217A320025B725 /* JSONFileReader.swift in Sources */,
				C36E70772A213B5800F6188C /* Constants.swift in Sources */,
				C33FB62A2A21919D0025B725 /* PostsListViewModel.swift in Sources */,
				C36E70582A2137C900F6188C /* AppDelegate.swift in Sources */,
				C36885112A21ADF300BFF6B0 /* PostCellViewModel.swift in Sources */,
				C36E705A2A2137C900F6188C /* SceneDelegate.swift in Sources */,
				C36885272A21CE1400BFF6B0 /* PostsListViewController+AddButton+Actions.swift in Sources */,
				C36885202A21B14500BFF6B0 /* UITableViewCell+Extension.swift in Sources */,
			);
			runOnlyForDeploymentPostprocessing = 0;
		};
		C36E70792A213EF500F6188C /* Sources */ = {
			isa = PBXSourcesBuildPhase;
			buildActionMask = 2147483647;
			files = (
				C3C021912A5FB18600DD2E2E /* UIViewConrtoller+Snapshot.swift in Sources */,
				C36E70872A213F6B00F6188C /* LoadPostsFromLocalUseTestCase.swift in Sources */,
				C33FB61C2A2179500025B725 /* LoadPostsFromLocalJSONFileUseTestCase.swift in Sources */,
				C33FB61A2A2177C20025B725 /* LoadPostsFromLocalUseTestCase+Helper.swift in Sources */,
				C33FB6182A21775F0025B725 /* FileReaderSpy.swift in Sources */,
				C3C0218E2A5FB0A600DD2E2E /* PostListSnapshotTests.swift in Sources */,
			);
			runOnlyForDeploymentPostprocessing = 0;
		};
/* End PBXSourcesBuildPhase section */

/* Begin PBXTargetDependency section */
		C36E70822A213EF600F6188C /* PBXTargetDependency */ = {
			isa = PBXTargetDependency;
			target = C36E70532A2137C900F6188C /* DemoPostsList */;
			targetProxy = C36E70812A213EF600F6188C /* PBXContainerItemProxy */;
		};
/* End PBXTargetDependency section */

/* Begin PBXVariantGroup section */
		C36E70622A2137CB00F6188C /* LaunchScreen.storyboard */ = {
			isa = PBXVariantGroup;
			children = (
				C36E70632A2137CB00F6188C /* Base */,
			);
			name = LaunchScreen.storyboard;
			sourceTree = "<group>";
		};
/* End PBXVariantGroup section */

/* Begin XCBuildConfiguration section */
		C36E70662A2137CB00F6188C /* Debug */ = {
			isa = XCBuildConfiguration;
			buildSettings = {
				ALWAYS_SEARCH_USER_PATHS = NO;
				CLANG_ANALYZER_NONNULL = YES;
				CLANG_ANALYZER_NUMBER_OBJECT_CONVERSION = YES_AGGRESSIVE;
				CLANG_CXX_LANGUAGE_STANDARD = "gnu++20";
				CLANG_ENABLE_MODULES = YES;
				CLANG_ENABLE_OBJC_ARC = YES;
				CLANG_ENABLE_OBJC_WEAK = YES;
				CLANG_WARN_BLOCK_CAPTURE_AUTORELEASING = YES;
				CLANG_WARN_BOOL_CONVERSION = YES;
				CLANG_WARN_COMMA = YES;
				CLANG_WARN_CONSTANT_CONVERSION = YES;
				CLANG_WARN_DEPRECATED_OBJC_IMPLEMENTATIONS = YES;
				CLANG_WARN_DIRECT_OBJC_ISA_USAGE = YES_ERROR;
				CLANG_WARN_DOCUMENTATION_COMMENTS = YES;
				CLANG_WARN_EMPTY_BODY = YES;
				CLANG_WARN_ENUM_CONVERSION = YES;
				CLANG_WARN_INFINITE_RECURSION = YES;
				CLANG_WARN_INT_CONVERSION = YES;
				CLANG_WARN_NON_LITERAL_NULL_CONVERSION = YES;
				CLANG_WARN_OBJC_IMPLICIT_RETAIN_SELF = YES;
				CLANG_WARN_OBJC_LITERAL_CONVERSION = YES;
				CLANG_WARN_OBJC_ROOT_CLASS = YES_ERROR;
				CLANG_WARN_QUOTED_INCLUDE_IN_FRAMEWORK_HEADER = YES;
				CLANG_WARN_RANGE_LOOP_ANALYSIS = YES;
				CLANG_WARN_STRICT_PROTOTYPES = YES;
				CLANG_WARN_SUSPICIOUS_MOVE = YES;
				CLANG_WARN_UNGUARDED_AVAILABILITY = YES_AGGRESSIVE;
				CLANG_WARN_UNREACHABLE_CODE = YES;
				CLANG_WARN__DUPLICATE_METHOD_MATCH = YES;
				COPY_PHASE_STRIP = NO;
				DEBUG_INFORMATION_FORMAT = dwarf;
				ENABLE_STRICT_OBJC_MSGSEND = YES;
				ENABLE_TESTABILITY = YES;
				GCC_C_LANGUAGE_STANDARD = gnu11;
				GCC_DYNAMIC_NO_PIC = NO;
				GCC_NO_COMMON_BLOCKS = YES;
				GCC_OPTIMIZATION_LEVEL = 0;
				GCC_PREPROCESSOR_DEFINITIONS = (
					"DEBUG=1",
					"$(inherited)",
				);
				GCC_WARN_64_TO_32_BIT_CONVERSION = YES;
				GCC_WARN_ABOUT_RETURN_TYPE = YES_ERROR;
				GCC_WARN_UNDECLARED_SELECTOR = YES;
				GCC_WARN_UNINITIALIZED_AUTOS = YES_AGGRESSIVE;
				GCC_WARN_UNUSED_FUNCTION = YES;
				GCC_WARN_UNUSED_VARIABLE = YES;
				IPHONEOS_DEPLOYMENT_TARGET = 16.1;
				MTL_ENABLE_DEBUG_INFO = INCLUDE_SOURCE;
				MTL_FAST_MATH = YES;
				ONLY_ACTIVE_ARCH = YES;
				SDKROOT = iphoneos;
				SWIFT_ACTIVE_COMPILATION_CONDITIONS = DEBUG;
				SWIFT_OPTIMIZATION_LEVEL = "-Onone";
			};
			name = Debug;
		};
		C36E70672A2137CB00F6188C /* Release */ = {
			isa = XCBuildConfiguration;
			buildSettings = {
				ALWAYS_SEARCH_USER_PATHS = NO;
				CLANG_ANALYZER_NONNULL = YES;
				CLANG_ANALYZER_NUMBER_OBJECT_CONVERSION = YES_AGGRESSIVE;
				CLANG_CXX_LANGUAGE_STANDARD = "gnu++20";
				CLANG_ENABLE_MODULES = YES;
				CLANG_ENABLE_OBJC_ARC = YES;
				CLANG_ENABLE_OBJC_WEAK = YES;
				CLANG_WARN_BLOCK_CAPTURE_AUTORELEASING = YES;
				CLANG_WARN_BOOL_CONVERSION = YES;
				CLANG_WARN_COMMA = YES;
				CLANG_WARN_CONSTANT_CONVERSION = YES;
				CLANG_WARN_DEPRECATED_OBJC_IMPLEMENTATIONS = YES;
				CLANG_WARN_DIRECT_OBJC_ISA_USAGE = YES_ERROR;
				CLANG_WARN_DOCUMENTATION_COMMENTS = YES;
				CLANG_WARN_EMPTY_BODY = YES;
				CLANG_WARN_ENUM_CONVERSION = YES;
				CLANG_WARN_INFINITE_RECURSION = YES;
				CLANG_WARN_INT_CONVERSION = YES;
				CLANG_WARN_NON_LITERAL_NULL_CONVERSION = YES;
				CLANG_WARN_OBJC_IMPLICIT_RETAIN_SELF = YES;
				CLANG_WARN_OBJC_LITERAL_CONVERSION = YES;
				CLANG_WARN_OBJC_ROOT_CLASS = YES_ERROR;
				CLANG_WARN_QUOTED_INCLUDE_IN_FRAMEWORK_HEADER = YES;
				CLANG_WARN_RANGE_LOOP_ANALYSIS = YES;
				CLANG_WARN_STRICT_PROTOTYPES = YES;
				CLANG_WARN_SUSPICIOUS_MOVE = YES;
				CLANG_WARN_UNGUARDED_AVAILABILITY = YES_AGGRESSIVE;
				CLANG_WARN_UNREACHABLE_CODE = YES;
				CLANG_WARN__DUPLICATE_METHOD_MATCH = YES;
				COPY_PHASE_STRIP = NO;
				DEBUG_INFORMATION_FORMAT = "dwarf-with-dsym";
				ENABLE_NS_ASSERTIONS = NO;
				ENABLE_STRICT_OBJC_MSGSEND = YES;
				GCC_C_LANGUAGE_STANDARD = gnu11;
				GCC_NO_COMMON_BLOCKS = YES;
				GCC_WARN_64_TO_32_BIT_CONVERSION = YES;
				GCC_WARN_ABOUT_RETURN_TYPE = YES_ERROR;
				GCC_WARN_UNDECLARED_SELECTOR = YES;
				GCC_WARN_UNINITIALIZED_AUTOS = YES_AGGRESSIVE;
				GCC_WARN_UNUSED_FUNCTION = YES;
				GCC_WARN_UNUSED_VARIABLE = YES;
				IPHONEOS_DEPLOYMENT_TARGET = 16.1;
				MTL_ENABLE_DEBUG_INFO = NO;
				MTL_FAST_MATH = YES;
				SDKROOT = iphoneos;
				SWIFT_COMPILATION_MODE = wholemodule;
				SWIFT_OPTIMIZATION_LEVEL = "-O";
				VALIDATE_PRODUCT = YES;
			};
			name = Release;
		};
		C36E70692A2137CB00F6188C /* Debug */ = {
			isa = XCBuildConfiguration;
			baseConfigurationReference = 3AD0758C0D577ADD37362250 /* Pods-DemoPostsList.debug.xcconfig */;
			buildSettings = {
				ASSETCATALOG_COMPILER_APPICON_NAME = AppIcon;
				ASSETCATALOG_COMPILER_GLOBAL_ACCENT_COLOR_NAME = AccentColor;
				CODE_SIGN_STYLE = Automatic;
				CURRENT_PROJECT_VERSION = 1;
				DEVELOPMENT_TEAM = 9P74L4GXWB;
				GENERATE_INFOPLIST_FILE = YES;
				INFOPLIST_FILE = DemoPostsList/Info.plist;
				INFOPLIST_KEY_UIApplicationSupportsIndirectInputEvents = YES;
				INFOPLIST_KEY_UILaunchStoryboardName = LaunchScreen;
				INFOPLIST_KEY_UISupportedInterfaceOrientations_iPad = "UIInterfaceOrientationPortrait UIInterfaceOrientationPortraitUpsideDown UIInterfaceOrientationLandscapeLeft UIInterfaceOrientationLandscapeRight";
				INFOPLIST_KEY_UISupportedInterfaceOrientations_iPhone = "UIInterfaceOrientationPortrait UIInterfaceOrientationLandscapeLeft UIInterfaceOrientationLandscapeRight";
				IPHONEOS_DEPLOYMENT_TARGET = 16.1;
				LD_RUNPATH_SEARCH_PATHS = (
					"$(inherited)",
					"@executable_path/Frameworks",
				);
				MARKETING_VERSION = 1.0;
				PRODUCT_BUNDLE_IDENTIFIER = "com.dukena.Demo-Posts-List";
				PRODUCT_NAME = "$(TARGET_NAME)";
				SWIFT_EMIT_LOC_STRINGS = YES;
				SWIFT_VERSION = 5.0;
				TARGETED_DEVICE_FAMILY = "1,2";
			};
			name = Debug;
		};
		C36E706A2A2137CB00F6188C /* Release */ = {
			isa = XCBuildConfiguration;
			baseConfigurationReference = 8BA6FE8741B3DC801CF11127 /* Pods-DemoPostsList.release.xcconfig */;
			buildSettings = {
				ASSETCATALOG_COMPILER_APPICON_NAME = AppIcon;
				ASSETCATALOG_COMPILER_GLOBAL_ACCENT_COLOR_NAME = AccentColor;
				CODE_SIGN_STYLE = Automatic;
				CURRENT_PROJECT_VERSION = 1;
				DEVELOPMENT_TEAM = 9P74L4GXWB;
				GENERATE_INFOPLIST_FILE = YES;
				INFOPLIST_FILE = DemoPostsList/Info.plist;
				INFOPLIST_KEY_UIApplicationSupportsIndirectInputEvents = YES;
				INFOPLIST_KEY_UILaunchStoryboardName = LaunchScreen;
				INFOPLIST_KEY_UISupportedInterfaceOrientations_iPad = "UIInterfaceOrientationPortrait UIInterfaceOrientationPortraitUpsideDown UIInterfaceOrientationLandscapeLeft UIInterfaceOrientationLandscapeRight";
				INFOPLIST_KEY_UISupportedInterfaceOrientations_iPhone = "UIInterfaceOrientationPortrait UIInterfaceOrientationLandscapeLeft UIInterfaceOrientationLandscapeRight";
				IPHONEOS_DEPLOYMENT_TARGET = 16.1;
				LD_RUNPATH_SEARCH_PATHS = (
					"$(inherited)",
					"@executable_path/Frameworks",
				);
				MARKETING_VERSION = 1.0;
				PRODUCT_BUNDLE_IDENTIFIER = "com.dukena.Demo-Posts-List";
				PRODUCT_NAME = "$(TARGET_NAME)";
				SWIFT_EMIT_LOC_STRINGS = YES;
				SWIFT_VERSION = 5.0;
				TARGETED_DEVICE_FAMILY = "1,2";
			};
			name = Release;
		};
		C36E70842A213EF600F6188C /* Debug */ = {
			isa = XCBuildConfiguration;
			baseConfigurationReference = B8993482D093DE691FEA7EA3 /* Pods-DemoPostsListTests.debug.xcconfig */;
			buildSettings = {
				BUNDLE_LOADER = "$(TEST_HOST)";
				CODE_SIGN_STYLE = Automatic;
				CURRENT_PROJECT_VERSION = 1;
				DEVELOPMENT_TEAM = 9P74L4GXWB;
				GENERATE_INFOPLIST_FILE = YES;
				IPHONEOS_DEPLOYMENT_TARGET = 16.1;
				MARKETING_VERSION = 1.0;
				PRODUCT_BUNDLE_IDENTIFIER = "com.dukena.Demo-Posts-ListTests";
				PRODUCT_NAME = "$(TARGET_NAME)";
				SWIFT_EMIT_LOC_STRINGS = NO;
				SWIFT_VERSION = 5.0;
				TARGETED_DEVICE_FAMILY = "1,2";
				TEST_HOST = "$(BUILT_PRODUCTS_DIR)/DemoPostsList.app/$(BUNDLE_EXECUTABLE_FOLDER_PATH)/DemoPostsList";
			};
			name = Debug;
		};
		C36E70852A213EF600F6188C /* Release */ = {
			isa = XCBuildConfiguration;
			baseConfigurationReference = 306F4243B22F6B0F12681176 /* Pods-DemoPostsListTests.release.xcconfig */;
			buildSettings = {
				BUNDLE_LOADER = "$(TEST_HOST)";
				CODE_SIGN_STYLE = Automatic;
				CURRENT_PROJECT_VERSION = 1;
				DEVELOPMENT_TEAM = 9P74L4GXWB;
				GENERATE_INFOPLIST_FILE = YES;
				IPHONEOS_DEPLOYMENT_TARGET = 16.1;
				MARKETING_VERSION = 1.0;
				PRODUCT_BUNDLE_IDENTIFIER = "com.dukena.Demo-Posts-ListTests";
				PRODUCT_NAME = "$(TARGET_NAME)";
				SWIFT_EMIT_LOC_STRINGS = NO;
				SWIFT_VERSION = 5.0;
				TARGETED_DEVICE_FAMILY = "1,2";
				TEST_HOST = "$(BUILT_PRODUCTS_DIR)/DemoPostsList.app/$(BUNDLE_EXECUTABLE_FOLDER_PATH)/DemoPostsList";
			};
			name = Release;
		};
/* End XCBuildConfiguration section */

/* Begin XCConfigurationList section */
		C36E704F2A2137C900F6188C /* Build configuration list for PBXProject "DemoPostsList" */ = {
			isa = XCConfigurationList;
			buildConfigurations = (
				C36E70662A2137CB00F6188C /* Debug */,
				C36E70672A2137CB00F6188C /* Release */,
			);
			defaultConfigurationIsVisible = 0;
			defaultConfigurationName = Release;
		};
		C36E70682A2137CB00F6188C /* Build configuration list for PBXNativeTarget "DemoPostsList" */ = {
			isa = XCConfigurationList;
			buildConfigurations = (
				C36E70692A2137CB00F6188C /* Debug */,
				C36E706A2A2137CB00F6188C /* Release */,
			);
			defaultConfigurationIsVisible = 0;
			defaultConfigurationName = Release;
		};
		C36E70832A213EF600F6188C /* Build configuration list for PBXNativeTarget "DemoPostsListTests" */ = {
			isa = XCConfigurationList;
			buildConfigurations = (
				C36E70842A213EF600F6188C /* Debug */,
				C36E70852A213EF600F6188C /* Release */,
			);
			defaultConfigurationIsVisible = 0;
			defaultConfigurationName = Release;
		};
/* End XCConfigurationList section */
	};
	rootObject = C36E704C2A2137C900F6188C /* Project object */;
}
